{
  "requires": true,
  "lockfileVersion": 1,
  "dependencies": {
    "@devexpress/dx-core": {
      "version": "2.7.5",
      "resolved": "https://registry.npmjs.org/@devexpress/dx-core/-/dx-core-2.7.5.tgz",
      "integrity": "sha512-VQQkz0uUqQ7YuVZeBEx1JFqpSSe5Bz9Qy2T0XAbilBQ8IItj74xjzaFMCNjuASAKXOJGtG0RUh+BOKrMGV7jlg=="
    },
    "@devexpress/dx-react-core": {
      "version": "2.7.5",
      "resolved": "https://registry.npmjs.org/@devexpress/dx-react-core/-/dx-react-core-2.7.5.tgz",
      "integrity": "sha512-YwJ4l8nnMs/vghqamo8OzirDnrbT1ZNIcMP5xJFJJQIyfYAXvGGDS4yLeYI4cwitBg/d2O4jMOReXDB8tUaDDQ==",
      "requires": {
        "@devexpress/dx-core": "2.7.5",
        "prop-types": "^15.7.2"
      }
    },
    "@devexpress/dx-react-scheduler": {
      "version": "2.7.5",
      "resolved": "https://registry.npmjs.org/@devexpress/dx-react-scheduler/-/dx-react-scheduler-2.7.5.tgz",
      "integrity": "sha512-PGvGxvvaGRTUtzliXeXSGbOWlg+4siRc4LsQ0eGpC18pUlsA+GJGMVi/6X7dLAxNnO3pnfSvrUF8kmC+9wG5KA==",
      "requires": {
        "@devexpress/dx-scheduler-core": "2.7.5"
      }
    },
    "@devexpress/dx-scheduler-core": {
      "version": "2.7.5",
      "resolved": "https://registry.npmjs.org/@devexpress/dx-scheduler-core/-/dx-scheduler-core-2.7.5.tgz",
      "integrity": "sha512-NDtftJj3xuIF3s0YulXe/lgQb97F3O74TeUpUwsFN8X7S8Bes1NbWTYZNBqmcEXPfE1dlRHlovATGP7OgaJ1YQ==",
      "requires": {
        "moment": "^2.24.0",
        "rrule": "2.6.4"
      }
    },
    "js-tokens": {
      "version": "4.0.0",
      "resolved": "https://registry.npmjs.org/js-tokens/-/js-tokens-4.0.0.tgz",
      "integrity": "sha512-RdJUflcE3cUzKiMqQgsCu06FPu9UdIJO0beYbPhHN4k6apgJtifcoCtT9bcxOpYBtpD2kCM6Sbzg4CausW/PKQ=="
    },
    "loose-envify": {
      "version": "1.4.0",
      "resolved": "https://registry.npmjs.org/loose-envify/-/loose-envify-1.4.0.tgz",
      "integrity": "sha512-lyuxPGr/Wfhrlem2CL/UcnUc1zcqKAImBDzukY7Y5F/yQiNdko6+fRLevlw1HgMySw7f611UIY408EtxRSoK3Q==",
      "requires": {
        "js-tokens": "^3.0.0 || ^4.0.0"
      }
    },
    "luxon": {
      "version": "1.27.0",
      "resolved": "https://registry.npmjs.org/luxon/-/luxon-1.27.0.tgz",
      "integrity": "sha512-VKsFsPggTA0DvnxtJdiExAucKdAnwbCCNlMM5ENvHlxubqWd0xhZcdb4XgZ7QFNhaRhilXCFxHuoObP5BNA4PA=="
    },
    "moment": {
      "version": "2.29.1",
      "resolved": "https://registry.npmjs.org/moment/-/moment-2.29.1.tgz",
      "integrity": "sha512-kHmoybcPV8Sqy59DwNDY3Jefr64lK/by/da0ViFcuA4DH0vQg5Q6Ze5VimxkfQNSC+Mls/Kx53s7TjP1RhFEDQ=="
    },
    "object-assign": {
      "version": "4.1.1",
      "resolved": "https://registry.npmjs.org/object-assign/-/object-assign-4.1.1.tgz",
      "integrity": "sha1-IQmtx5ZYh8/AXLvUQsrIv7s2CGM="
    },
    "prop-types": {
      "version": "15.7.2",
      "resolved": "https://registry.npmjs.org/prop-types/-/prop-types-15.7.2.tgz",
      "integrity": "sha512-8QQikdH7//R2vurIJSutZ1smHYTcLpRWEOlHnzcWHmBYrOGUysKwSsrC89BCiFj3CbrfJ/nXFdJepOVrY1GCHQ==",
      "requires": {
        "loose-envify": "^1.4.0",
        "object-assign": "^4.1.1",
        "react-is": "^16.8.1"
      }
    },
    "react-is": {
      "version": "16.13.1",
      "resolved": "https://registry.npmjs.org/react-is/-/react-is-16.13.1.tgz",
      "integrity": "sha512-24e6ynE2H+OKt4kqsOvNd8kBpV65zoxbA4BVsEOB3ARVWQki/DHzaUoC5KuON/BiccDaCCTZBuOcfZs70kR8bQ=="
    },
    "rrule": {
      "version": "2.6.4",
      "resolved": "https://registry.npmjs.org/rrule/-/rrule-2.6.4.tgz",
      "integrity": "sha512-sLdnh4lmjUqq8liFiOUXD5kWp/FcnbDLPwq5YAc/RrN6120XOPb86Ae5zxF7ttBVq8O3LxjjORMEit1baluahA==",
      "requires": {
        "luxon": "^1.21.3",
        "tslib": "^1.10.0"
      }
    },
    "tslib": {
      "version": "1.14.1",
      "resolved": "https://registry.npmjs.org/tslib/-/tslib-1.14.1.tgz",
      "integrity": "sha512-Xni35NKzjgMrwevysHTCArtLDpPvye8zV/0E4EyYn43P7/7qvQwPh9BGkHewbMulVntbigmcT7rdX3BNo9wRJg=="
    }
  }
}
